
Microsoft Visual Studio Solution File, Format Version 12.00
# Visual Studio Version 16
VisualStudioVersion = 16.0.29709.97
MinimumVisualStudioVersion = 10.0.40219.1
Project("{FAE04EC0-301F-11D3-BF4B-00C04F79EFBC}") = "WebAppP5", "WebAppP5\WebAppP5.csproj", "{0E619D5A-19D1-460A-8D94-6E0C33BD98DC}"
EndProject
Project("{FAE04EC0-301F-11D3-BF4B-00C04F79EFBC}") = "LarissaDLL_ClassLibrary", "LarissaDLL_ClassLibrary\LarissaDLL_ClassLibrary.csproj", "{FECAC35F-DAE0-47DA-AFAF-AE337245AFBE}"
EndProject
Project("{FAE04EC0-301F-11D3-BF4B-00C04F79EFBC}") = "StorageService", "StorageService\StorageService.csproj", "{A521053C-B52F-4E77-A1D7-F41348F896CD}"
EndProject
Global
	GlobalSection(SolutionConfigurationPlatforms) = preSolution
		Debug|Any CPU = Debug|Any CPU
		Release|Any CPU = Release|Any CPU
	EndGlobalSection
	GlobalSection(ProjectConfigurationPlatforms) = postSolution
		{0E619D5A-19D1-460A-8D94-6E0C33BD98DC}.Debug|Any CPU.ActiveCfg = Debug|Any CPU
		{0E619D5A-19D1-460A-8D94-6E0C33BD98DC}.Debug|Any CPU.Build.0 = Debug|Any CPU
		{0E619D5A-19D1-460A-8D94-6E0C33BD98DC}.Release|Any CPU.ActiveCfg = Release|Any CPU
		{0E619D5A-19D1-460A-8D94-6E0C33BD98DC}.Release|Any CPU.Build.0 = Release|Any CPU
		{FECAC35F-DAE0-47DA-AFAF-AE337245AFBE}.Debug|Any CPU.ActiveCfg = Debug|Any CPU
		{FECAC35F-DAE0-47DA-AFAF-AE337245AFBE}.Debug|Any CPU.Build.0 = Debug|Any CPU
		{FECAC35F-DAE0-47DA-AFAF-AE337245AFBE}.Release|Any CPU.ActiveCfg = Release|Any CPU
		{FECAC35F-DAE0-47DA-AFAF-AE337245AFBE}.Release|Any CPU.Build.0 = Release|Any CPU
		{A521053C-B52F-4E77-A1D7-F41348F896CD}.Debug|Any CPU.ActiveCfg = Debug|Any CPU
		{A521053C-B52F-4E77-A1D7-F41348F896CD}.Debug|Any CPU.Build.0 = Debug|Any CPU
		{A521053C-B52F-4E77-A1D7-F41348F896CD}.Release|Any CPU.ActiveCfg = Release|Any CPU
		{A521053C-B52F-4E77-A1D7-F41348F896CD}.Release|Any CPU.Build.0 = Release|Any CPU
	EndGlobalSection
	GlobalSection(SolutionProperties) = preSolution
		HideSolutionNode = FALSE
	EndGlobalSection
	GlobalSection(ExtensibilityGlobals) = postSolution
		SolutionGuid = {DFD626C0-086B-4787-8729-A01D7B959CEF}
	EndGlobalSection
EndGlobal
